
Microsoft Visual Studio Solution File, Format Version 12.00
# Visual Studio Version 16
VisualStudioVersion = 16.0.30611.23
MinimumVisualStudioVersion = 10.0.40219.1
Project("{9A19103F-16F7-4668-BE54-9A1E7A4F7556}") = "BGStudio.App", "BGStudio.App\BGStudio.App.csproj", "{24B1E7BE-8CE6-4BB3-9B6A-81D77D13784E}"
EndProject
Project("{FAE04EC0-301F-11D3-BF4B-00C04F79EFBC}") = "BGStudio.DAL", "ConsoleApp2\BGStudio.DAL.csproj", "{A3F2008F-ADD1-4902-8147-42B22ED626EB}"
EndProject
Global
	GlobalSection(SolutionConfigurationPlatforms) = preSolution
		Debug|Any CPU = Debug|Any CPU
		Release|Any CPU = Release|Any CPU
	EndGlobalSection
	GlobalSection(ProjectConfigurationPlatforms) = postSolution
		{24B1E7BE-8CE6-4BB3-9B6A-81D77D13784E}.Debug|Any CPU.ActiveCfg = Debug|Any CPU
		{24B1E7BE-8CE6-4BB3-9B6A-81D77D13784E}.Debug|Any CPU.Build.0 = Debug|Any CPU
		{24B1E7BE-8CE6-4BB3-9B6A-81D77D13784E}.Release|Any CPU.ActiveCfg = Release|Any CPU
		{24B1E7BE-8CE6-4BB3-9B6A-81D77D13784E}.Release|Any CPU.Build.0 = Release|Any CPU
		{A3F2008F-ADD1-4902-8147-42B22ED626EB}.Debug|Any CPU.ActiveCfg = Debug|Any CPU
		{A3F2008F-ADD1-4902-8147-42B22ED626EB}.Debug|Any CPU.Build.0 = Debug|Any CPU
		{A3F2008F-ADD1-4902-8147-42B22ED626EB}.Release|Any CPU.ActiveCfg = Release|Any CPU
		{A3F2008F-ADD1-4902-8147-42B22ED626EB}.Release|Any CPU.Build.0 = Release|Any CPU
	EndGlobalSection
	GlobalSection(SolutionProperties) = preSolution
		HideSolutionNode = FALSE
	EndGlobalSection
	GlobalSection(ExtensibilityGlobals) = postSolution
		SolutionGuid = {091E4234-652E-4670-B8B7-E18A8E3E644C}
	EndGlobalSection
EndGlobal
